{
    "_readme": [
        "This file locks the dependencies of your project to a known state",
        "Read more about it at http://getcomposer.org/doc/01-basic-usage.md#composer-lock-the-lock-file",
        "This file is @generated automatically"
    ],
    "hash": "5a063531861e433df88d44b317445801",
    "packages": [
        {
            "name": "aura/installer-default",
            "version": "1.0.0",
            "source": {
                "type": "git",
                "url": "https://github.com/auraphp/installer-default.git",
                "reference": "52f8de3670cc1ef45a916f40f732937436d028c8"
            },
            "dist": {
                "type": "zip",
                "url": "https://api.github.com/repos/auraphp/installer-default/zipball/52f8de3670cc1ef45a916f40f732937436d028c8",
                "reference": "52f8de3670cc1ef45a916f40f732937436d028c8",
                "shasum": ""
            },
            "type": "composer-installer",
            "extra": {
                "class": "Aura\\Composer\\DefaultInstaller"
            },
            "autoload": {
                "psr-0": {
                    "Aura\\Composer\\": "src/"
                }
            },
            "notification-url": "https://packagist.org/downloads/",
            "license": [
                "BSD-2-Clause"
            ],
            "authors": [
                {
                    "name": "Paul M. Jones",
                    "email": "pmjones88@gmail.com",
                    "homepage": "http://paul-m-jones.com"
                }
            ],
            "description": "Installs Aura packages using the Composer defaults.",
            "keywords": [
                "aura",
                "installer"
            ],
            "time": "2012-11-26 21:35:57"
        },
        {
            "name": "aura/intl",
            "version": "1.1.1",
            "source": {
                "type": "git",
                "url": "https://github.com/auraphp/Aura.Intl.git",
                "reference": "c5fe620167550ad6fa77dd3570fba2efc77a2a21"
            },
            "dist": {
                "type": "zip",
                "url": "https://api.github.com/repos/auraphp/Aura.Intl/zipball/c5fe620167550ad6fa77dd3570fba2efc77a2a21",
                "reference": "c5fe620167550ad6fa77dd3570fba2efc77a2a21",
                "shasum": ""
            },
            "require": {
                "aura/installer-default": "1.0.*",
                "php": ">=5.4.0"
            },
            "type": "aura-package",
            "extra": {
                "aura": {
                    "type": "library",
                    "config": {
                        "common": "Aura\\Intl\\_Config\\Common"
                    }
                },
                "branch-alias": {
                    "dev-develop": "1.1.x-dev"
                }
            },
            "autoload": {
                "psr-0": {
                    "Aura\\Intl": "src/"
                },
                "psr-4": {
                    "Aura\\Intl\\_Config\\": "config/"
                }
            },
            "notification-url": "https://packagist.org/downloads/",
            "license": [
                "BSD-2-Clause"
            ],
            "authors": [
                {
                    "name": "Paul M. Jones",
                    "email": "pmjones88@gmail.com",
                    "homepage": "http://paul-m-jones.com"
                },
                {
                    "name": "Aura.Intl Contributors",
                    "homepage": "https://github.com/auraphp/Aura.Intl/contributors"
                },
                {
                    "name": "Pascal Borreli",
                    "email": "pascal@borreli.com"
                },
                {
                    "name": "Mapthegod",
                    "email": "mapthegod@gmail.com"
                },
                {
                    "name": "José Lorenzo Rodríguez",
                    "email": "jose.zap@gmail.com"
                }
            ],
            "description": "The Aura.Intl package provides internationalization (I18N) tools, specifically\npackage-oriented per-locale message translation.",
            "homepage": "http://auraphp.com/Aura.Intl",
            "keywords": [
                "g11n",
                "globalization",
                "i18n",
                "internationalization",
                "intl",
                "l10n",
                "localization"
            ],
            "time": "2014-08-24 00:00:00"
        },
        {
            "name": "cakephp/cakephp",
            "version": "3.0.x-dev",
            "source": {
                "type": "git",
                "url": "https://github.com/cakephp/cakephp.git",
                "reference": "6b2b9fa3fc916984ae35d51723f8719991c4054f"
            },
            "dist": {
                "type": "zip",
                "url": "https://api.github.com/repos/cakephp/cakephp/zipball/6b2b9fa3fc916984ae35d51723f8719991c4054f",
                "reference": "6b2b9fa3fc916984ae35d51723f8719991c4054f",
                "shasum": ""
            },
            "require": {
                "aura/intl": "1.1.*",
                "ext-intl": "*",
                "ext-mbstring": "*",
                "ircmaxell/password-compat": "1.0.*",
                "nesbot/carbon": "1.13.*",
                "php": ">=5.4.16",
                "psr/log": "1.0"
            },
            "replace": {
                "cakephp/cache": "self.version",
                "cakephp/collection": "self.version",
                "cakephp/core": "self.version",
                "cakephp/database": "self.version",
                "cakephp/datasource": "self.version",
                "cakephp/event": "self.version",
                "cakephp/i18n": "self.version",
                "cakephp/log": "self.version",
                "cakephp/orm": "self.version",
                "cakephp/utility": "self.version",
                "cakephp/validation": "self.version"
            },
            "require-dev": {
                "cakephp/cakephp-codesniffer": "dev-master",
                "phpunit/phpunit": "*"
            },
            "type": "library",
            "autoload": {
                "psr-4": {
                    "Cake\\": "src"
                },
                "files": [
                    "src/Core/functions.php",
                    "src/Collection/functions.php",
                    "src/I18n/functions.php"
                ]
            },
            "notification-url": "https://packagist.org/downloads/",
            "license": [
                "MIT"
            ],
            "authors": [
                {
                    "name": "CakePHP Community",
                    "homepage": "https://github.com/cakephp/cakephp/graphs/contributors"
                }
            ],
            "description": "The CakePHP framework",
            "homepage": "http://cakephp.org",
            "keywords": [
                "framework"
            ],
            "time": "2015-02-19 21:44:13"
        },
        {
            "name": "cakephp/debug_kit",
            "version": "3.0.x-dev",
            "source": {
                "type": "git",
                "url": "https://github.com/cakephp/debug_kit.git",
                "reference": "64a1033ccd1fc0f914a08ff083e690c72d30d3d6"
            },
            "dist": {
                "type": "zip",
                "url": "https://api.github.com/repos/cakephp/debug_kit/zipball/64a1033ccd1fc0f914a08ff083e690c72d30d3d6",
                "reference": "64a1033ccd1fc0f914a08ff083e690c72d30d3d6",
                "shasum": ""
            },
            "require": {
                "cakephp/cakephp": "3.0.*-dev"
            },
            "require-dev": {
                "cakephp/cakephp-codesniffer": "dev-master",
                "phpunit/phpunit": "4.1.*"
            },
            "type": "cakephp-plugin",
            "extra": {
                "branch-alias": {
                    "dev-master": "2.2.x-dev"
                }
            },
            "autoload": {
                "psr-4": {
                    "DebugKit\\": "src",
                    "DebugKit\\Test\\Fixture\\": "tests\\Fixture"
                }
            },
            "notification-url": "https://packagist.org/downloads/",
            "license": [
                "MIT"
            ],
            "authors": [
                {
                    "name": "Mark Story",
                    "homepage": "http://mark-story.com",
                    "role": "Author"
                },
                {
                    "name": "CakePHP Community",
                    "homepage": "https://github.com/cakephp/debug_kit/graphs/contributors"
                }
            ],
            "description": "CakePHP Debug Kit",
            "homepage": "https://github.com/cakephp/debug_kit",
            "keywords": [
                "cakephp",
                "debug",
                "kit"
            ],
            "time": "2015-02-06 03:43:37"
        },
        {
            "name": "cakephp/migrations",
            "version": "dev-master",
            "source": {
                "type": "git",
                "url": "https://github.com/cakephp/migrations.git",
                "reference": "70cb70b71c7499bb6c90b5af11fb43a357e14376"
            },
            "dist": {
                "type": "zip",
                "url": "https://api.github.com/repos/cakephp/migrations/zipball/70cb70b71c7499bb6c90b5af11fb43a357e14376",
                "reference": "70cb70b71c7499bb6c90b5af11fb43a357e14376",
                "shasum": ""
            },
            "require": {
                "cakephp/cakephp": "3.0.x-dev",
                "php": ">=5.4",
                "robmorgan/phinx": "~0.4"
            },
            "require-dev": {
                "cakephp/bake": "dev-master",
                "phpunit/phpunit": "*"
            },
            "suggest": {
                "cakephp/bake": "Required if you want to generate migrations."
            },
            "type": "cakephp-plugin",
            "extra": {
                "installer-name": "Migrations"
            },
            "autoload": {
                "psr-4": {
                    "Migrations\\": "src"
                }
            },
            "notification-url": "https://packagist.org/downloads/",
            "license": [
                "MIT"
            ],
            "authors": [
                {
                    "name": "CakePHP Community",
                    "homepage": "https://github.com/cakephp/migrations/graphs/contributors"
                }
            ],
            "description": "Database Migration plugin for CakePHP 3.0 based on Phinx",
            "homepage": "https://github.com/cakephp/migrations",
            "keywords": [
                "cakephp",
                "migrations"
            ],
            "time": "2015-02-10 02:53:17"
        },
        {
            "name": "cakephp/plugin-installer",
            "version": "0.0.11",
            "source": {
                "type": "git",
                "url": "https://github.com/cakephp/plugin-installer.git",
                "reference": "87cb0b70fc642f4a4ce5b6d8006392f01e8d0260"
            },
            "dist": {
                "type": "zip",
                "url": "https://api.github.com/repos/cakephp/plugin-installer/zipball/87cb0b70fc642f4a4ce5b6d8006392f01e8d0260",
                "reference": "87cb0b70fc642f4a4ce5b6d8006392f01e8d0260",
                "shasum": ""
            },
            "require-dev": {
                "cakephp/cakephp-codesniffer": "dev-master",
                "composer/composer": "1.0.*@dev"
            },
            "type": "composer-installer",
            "extra": {
                "class": "Cake\\Composer\\Installer\\PluginInstaller"
            },
            "autoload": {
                "psr-4": {
                    "Cake\\Composer\\": "src"
                }
            },
            "notification-url": "https://packagist.org/downloads/",
            "license": [
                "MIT"
            ],
            "authors": [
                {
                    "name": "CakePHP Community",
                    "homepage": "http://cakephp.org"
                }
            ],
            "description": "A composer installer for CakePHP 3.0+ plugins.",
            "time": "2015-02-06 02:06:07"
        },
        {
            "name": "friendsofcake/crud",
            "version": "dev-cake3",
            "source": {
                "type": "git",
                "url": "https://github.com/FriendsOfCake/crud.git",
                "reference": "67681d2d8d6c3224629c74b9e28221d2a540741d"
            },
            "dist": {
                "type": "zip",
                "url": "https://api.github.com/repos/FriendsOfCake/crud/zipball/67681d2d8d6c3224629c74b9e28221d2a540741d",
                "reference": "67681d2d8d6c3224629c74b9e28221d2a540741d",
                "shasum": ""
            },
            "require": {
                "cakephp/cakephp": "3.0.*-dev"
            },
            "require-dev": {
                "friendsofcake/cakephp-test-utilities": "dev-master",
                "phpunit/phpunit": "3.7.33"
            },
            "type": "cakephp-plugin",
            "autoload": {
                "psr-4": {
                    "Crud\\": "src"
                }
            },
            "notification-url": "https://packagist.org/downloads/",
            "license": [
                "MIT"
            ],
            "authors": [
                {
                    "name": "Christian Winther",
                    "homepage": "http://cakephp.nu/",
                    "role": "Author"
                },
                {
                    "name": "José Lorenzo Rodríguez",
                    "homepage": "https://github.com/lorenzo",
                    "role": "Contributor"
                },
                {
                    "name": "Andy Dawson",
                    "homepage": "https://github.com/ad7six",
                    "role": "Contributor"
                },
                {
                    "name": "ADmad",
                    "homepage": "https://github.com/admad",
                    "role": "Contributor"
                }
            ],
            "description": "CakePHP Application development on steroids - rapid prototyping / scaffolding & production ready code - XML / JSON APIs and more",
            "homepage": "https://github.com/FriendsOfCake/crud",
            "keywords": [
                "bake",
                "cake",
                "cakephp",
                "create",
                "crud",
                "delete",
                "retrieve",
                "scaffold",
                "scaffolding",
                "update"
            ],
            "time": "2015-02-02 18:37:21"
        },
        {
            "name": "ircmaxell/password-compat",
            "version": "v1.0.4",
            "source": {
                "type": "git",
                "url": "https://github.com/ircmaxell/password_compat.git",
                "reference": "5c5cde8822a69545767f7c7f3058cb15ff84614c"
            },
            "dist": {
                "type": "zip",
                "url": "https://api.github.com/repos/ircmaxell/password_compat/zipball/5c5cde8822a69545767f7c7f3058cb15ff84614c",
                "reference": "5c5cde8822a69545767f7c7f3058cb15ff84614c",
                "shasum": ""
            },
            "require-dev": {
                "phpunit/phpunit": "4.*"
            },
            "type": "library",
            "autoload": {
                "files": [
                    "lib/password.php"
                ]
            },
            "notification-url": "https://packagist.org/downloads/",
            "license": [
                "MIT"
            ],
            "authors": [
                {
                    "name": "Anthony Ferrara",
                    "email": "ircmaxell@php.net",
                    "homepage": "http://blog.ircmaxell.com"
                }
            ],
            "description": "A compatibility library for the proposed simplified password hashing algorithm: https://wiki.php.net/rfc/password_hash",
            "homepage": "https://github.com/ircmaxell/password_compat",
            "keywords": [
                "hashing",
                "password"
            ],
            "time": "2014-11-20 16:49:30"
        },
        {
            "name": "mobiledetect/mobiledetectlib",
            "version": "2.8.11",
            "source": {
                "type": "git",
                "url": "https://github.com/serbanghita/Mobile-Detect.git",
                "reference": "c68901fb09227dcf04872f0d6a27b9f6e75ecf1f"
            },
            "dist": {
                "type": "zip",
                "url": "https://api.github.com/repos/serbanghita/Mobile-Detect/zipball/c68901fb09227dcf04872f0d6a27b9f6e75ecf1f",
                "reference": "c68901fb09227dcf04872f0d6a27b9f6e75ecf1f",
                "shasum": ""
            },
            "require": {
                "php": ">=5.0.0"
            },
            "require-dev": {
                "johnkary/phpunit-speedtrap": "~1.0@dev",
                "phpunit/phpunit": "*"
            },
            "type": "library",
            "autoload": {
                "classmap": [
                    "Mobile_Detect.php"
                ],
                "psr-0": {
                    "Detection": "namespaced/"
                }
            },
            "notification-url": "https://packagist.org/downloads/",
            "license": [
                "MIT"
            ],
            "authors": [
                {
                    "name": "Serban Ghita",
                    "email": "serbanghita@gmail.com",
                    "homepage": "http://mobiledetect.net",
                    "role": "Developer"
                }
            ],
            "description": "Mobile_Detect is a lightweight PHP class for detecting mobile devices. It uses the User-Agent string combined with specific HTTP headers to detect the mobile environment.",
            "homepage": "https://github.com/serbanghita/Mobile-Detect",
            "keywords": [
                "detect mobile devices",
                "mobile",
                "mobile detect",
                "mobile detector",
                "php mobile detect"
            ],
            "time": "2014-11-23 13:08:17"
        },
        {
            "name": "nesbot/carbon",
            "version": "1.13.0",
            "source": {
                "type": "git",
                "url": "https://github.com/briannesbitt/Carbon.git",
                "reference": "5cb6e71055f7b0b57956b73d324cc4de31278f42"
            },
            "dist": {
                "type": "zip",
                "url": "https://api.github.com/repos/briannesbitt/Carbon/zipball/5cb6e71055f7b0b57956b73d324cc4de31278f42",
                "reference": "5cb6e71055f7b0b57956b73d324cc4de31278f42",
                "shasum": ""
            },
            "require": {
                "php": ">=5.3.0"
            },
            "require-dev": {
                "phpunit/phpunit": "~4.0"
            },
            "type": "library",
            "autoload": {
                "psr-0": {
                    "Carbon": "src"
                }
            },
            "notification-url": "https://packagist.org/downloads/",
            "license": [
                "MIT"
            ],
            "authors": [
                {
                    "name": "Brian Nesbitt",
                    "email": "brian@nesbot.com",
                    "homepage": "http://nesbot.com"
                }
            ],
            "description": "A simple API extension for DateTime.",
            "homepage": "https://github.com/briannesbitt/Carbon",
            "keywords": [
                "date",
                "datetime",
                "time"
            ],
            "time": "2014-09-26 02:52:02"
        },
        {
            "name": "psr/log",
            "version": "1.0.0",
            "source": {
                "type": "git",
                "url": "https://github.com/php-fig/log.git",
                "reference": "fe0936ee26643249e916849d48e3a51d5f5e278b"
            },
            "dist": {
                "type": "zip",
                "url": "https://api.github.com/repos/php-fig/log/zipball/fe0936ee26643249e916849d48e3a51d5f5e278b",
                "reference": "fe0936ee26643249e916849d48e3a51d5f5e278b",
                "shasum": ""
            },
            "type": "library",
            "autoload": {
                "psr-0": {
                    "Psr\\Log\\": ""
                }
            },
            "notification-url": "https://packagist.org/downloads/",
            "license": [
                "MIT"
            ],
            "authors": [
                {
                    "name": "PHP-FIG",
                    "homepage": "http://www.php-fig.org/"
                }
            ],
            "description": "Common interface for logging libraries",
            "keywords": [
                "log",
                "psr",
                "psr-3"
            ],
            "time": "2012-12-21 11:40:51"
        },
        {
            "name": "robmorgan/phinx",
            "version": "v0.4.2.1",
            "source": {
                "type": "git",
                "url": "https://github.com/robmorgan/phinx.git",
                "reference": "1bc1396392d4073b8b29ee5289e445889cbc12b5"
            },
            "dist": {
                "type": "zip",
                "url": "https://api.github.com/repos/robmorgan/phinx/zipball/1bc1396392d4073b8b29ee5289e445889cbc12b5",
                "reference": "1bc1396392d4073b8b29ee5289e445889cbc12b5",
                "shasum": ""
            },
            "require": {
                "php": ">=5.3.2",
                "symfony/config": "~2.6.0",
                "symfony/console": "~2.6.0",
                "symfony/yaml": "~2.6.0"
            },
            "require-dev": {
                "phpunit/phpunit": "3.7.*",
                "squizlabs/php_codesniffer": "dev-phpcs-fixer"
            },
            "bin": [
                "bin/phinx"
            ],
            "type": "library",
            "autoload": {
                "psr-4": {
                    "Phinx\\": "src/Phinx"
                }
            },
            "notification-url": "https://packagist.org/downloads/",
            "license": [
                "MIT"
            ],
            "authors": [
                {
                    "name": "Rob Morgan",
                    "email": "robbym@gmail.com",
                    "homepage": "http://robmorgan.id.au",
                    "role": "Lead Developer"
                },
                {
                    "name": "Woody Gilk",
                    "email": "woody.gilk@gmail.com",
                    "homepage": "http://shadowhand.me",
                    "role": "Developer"
                }
            ],
            "description": "Phinx makes it ridiculously easy to manage the database migrations for your PHP app.",
            "homepage": "https://phinx.org",
            "keywords": [
                "database",
                "database migrations",
                "db",
                "migrations",
                "phinx"
            ],
            "time": "2015-02-08 03:41:44"
        },
        {
            "name": "symfony/config",
            "version": "v2.6.4",
            "target-dir": "Symfony/Component/Config",
            "source": {
                "type": "git",
                "url": "https://github.com/symfony/Config.git",
                "reference": "a9f781ba1221067d1f07c8cec0bc50f81b8d7408"
            },
            "dist": {
                "type": "zip",
                "url": "https://api.github.com/repos/symfony/Config/zipball/a9f781ba1221067d1f07c8cec0bc50f81b8d7408",
                "reference": "a9f781ba1221067d1f07c8cec0bc50f81b8d7408",
                "shasum": ""
            },
            "require": {
                "php": ">=5.3.3",
                "symfony/filesystem": "~2.3"
            },
            "type": "library",
            "extra": {
                "branch-alias": {
                    "dev-master": "2.6-dev"
                }
            },
            "autoload": {
                "psr-0": {
                    "Symfony\\Component\\Config\\": ""
                }
            },
            "notification-url": "https://packagist.org/downloads/",
            "license": [
                "MIT"
            ],
            "authors": [
                {
                    "name": "Symfony Community",
                    "homepage": "http://symfony.com/contributors"
                },
                {
                    "name": "Fabien Potencier",
                    "email": "fabien@symfony.com"
                }
            ],
            "description": "Symfony Config Component",
            "homepage": "http://symfony.com",
            "time": "2015-01-21 20:57:55"
        },
        {
            "name": "symfony/console",
            "version": "v2.6.4",
            "target-dir": "Symfony/Component/Console",
            "source": {
                "type": "git",
                "url": "https://github.com/symfony/Console.git",
                "reference": "e44154bfe3e41e8267d7a3794cd9da9a51cfac34"
            },
            "dist": {
                "type": "zip",
                "url": "https://api.github.com/repos/symfony/Console/zipball/e44154bfe3e41e8267d7a3794cd9da9a51cfac34",
                "reference": "e44154bfe3e41e8267d7a3794cd9da9a51cfac34",
                "shasum": ""
            },
            "require": {
                "php": ">=5.3.3"
            },
            "require-dev": {
                "psr/log": "~1.0",
                "symfony/event-dispatcher": "~2.1",
                "symfony/process": "~2.1"
            },
            "suggest": {
                "psr/log": "For using the console logger",
                "symfony/event-dispatcher": "",
                "symfony/process": ""
            },
            "type": "library",
            "extra": {
                "branch-alias": {
                    "dev-master": "2.6-dev"
                }
            },
            "autoload": {
                "psr-0": {
                    "Symfony\\Component\\Console\\": ""
                }
            },
            "notification-url": "https://packagist.org/downloads/",
            "license": [
                "MIT"
            ],
            "authors": [
                {
                    "name": "Symfony Community",
                    "homepage": "http://symfony.com/contributors"
                },
                {
                    "name": "Fabien Potencier",
                    "email": "fabien@symfony.com"
                }
            ],
            "description": "Symfony Console Component",
            "homepage": "http://symfony.com",
            "time": "2015-01-25 04:39:26"
        },
        {
            "name": "symfony/filesystem",
            "version": "v2.6.4",
            "target-dir": "Symfony/Component/Filesystem",
            "source": {
                "type": "git",
                "url": "https://github.com/symfony/Filesystem.git",
                "reference": "a1f566d1f92e142fa1593f4555d6d89e3044a9b7"
            },
            "dist": {
                "type": "zip",
                "url": "https://api.github.com/repos/symfony/Filesystem/zipball/a1f566d1f92e142fa1593f4555d6d89e3044a9b7",
                "reference": "a1f566d1f92e142fa1593f4555d6d89e3044a9b7",
                "shasum": ""
            },
            "require": {
                "php": ">=5.3.3"
            },
            "type": "library",
            "extra": {
                "branch-alias": {
                    "dev-master": "2.6-dev"
                }
            },
            "autoload": {
                "psr-0": {
                    "Symfony\\Component\\Filesystem\\": ""
                }
            },
            "notification-url": "https://packagist.org/downloads/",
            "license": [
                "MIT"
            ],
            "authors": [
                {
                    "name": "Symfony Community",
                    "homepage": "http://symfony.com/contributors"
                },
                {
                    "name": "Fabien Potencier",
                    "email": "fabien@symfony.com"
                }
            ],
            "description": "Symfony Filesystem Component",
            "homepage": "http://symfony.com",
            "time": "2015-01-03 21:13:09"
        },
        {
            "name": "symfony/yaml",
            "version": "v2.6.4",
            "target-dir": "Symfony/Component/Yaml",
            "source": {
                "type": "git",
                "url": "https://github.com/symfony/Yaml.git",
                "reference": "60ed7751671113cf1ee7d7778e691642c2e9acd8"
            },
            "dist": {
                "type": "zip",
                "url": "https://api.github.com/repos/symfony/Yaml/zipball/60ed7751671113cf1ee7d7778e691642c2e9acd8",
                "reference": "60ed7751671113cf1ee7d7778e691642c2e9acd8",
                "shasum": ""
            },
            "require": {
                "php": ">=5.3.3"
            },
            "type": "library",
            "extra": {
                "branch-alias": {
                    "dev-master": "2.6-dev"
                }
            },
            "autoload": {
                "psr-0": {
                    "Symfony\\Component\\Yaml\\": ""
                }
            },
            "notification-url": "https://packagist.org/downloads/",
            "license": [
                "MIT"
            ],
            "authors": [
                {
                    "name": "Symfony Community",
                    "homepage": "http://symfony.com/contributors"
                },
                {
                    "name": "Fabien Potencier",
                    "email": "fabien@symfony.com"
                }
            ],
            "description": "Symfony Yaml Component",
            "homepage": "http://symfony.com",
            "time": "2015-01-25 04:39:26"
        }
    ],
    "packages-dev": [
        {
            "name": "cakephp/bake",
            "version": "dev-master",
            "source": {
                "type": "git",
                "url": "https://github.com/cakephp/bake.git",
                "reference": "82e5c4315091a89ab4494122a60896d47be50043"
            },
            "dist": {
                "type": "zip",
                "url": "https://api.github.com/repos/cakephp/bake/zipball/82e5c4315091a89ab4494122a60896d47be50043",
                "reference": "82e5c4315091a89ab4494122a60896d47be50043",
                "shasum": ""
            },
            "require": {
                "cakephp/cakephp": "3.0.x-dev",
                "php": ">=5.4"
            },
            "require-dev": {
                "cakephp/cakephp-codesniffer": "dev-master",
                "phpunit/phpunit": "*"
            },
            "type": "cakephp-plugin",
            "autoload": {
                "psr-4": {
                    "Bake\\": "src"
                }
            },
            "notification-url": "https://packagist.org/downloads/",
            "license": [
                "MIT"
            ],
            "authors": [
                {
                    "name": "CakePHP Community",
                    "homepage": "https://github.com/cakephp/bake/graphs/contributors"
                }
            ],
            "description": "Bake plugin for CakePHP 3.0",
            "homepage": "https://github.com/cakephp/bake",
            "keywords": [
                "bake",
                "cakephp"
            ],
            "time": "2015-02-14 21:00:18"
        },
        {
            "name": "cakephp/cakephp-codesniffer",
            "version": "dev-master",
            "source": {
                "type": "git",
                "url": "https://github.com/cakephp/cakephp-codesniffer.git",
                "reference": "6e6df0d1c7d2d2025f5ccf0dcdd8f6b8237ab863"
            },
            "dist": {
                "type": "zip",
                "url": "https://api.github.com/repos/cakephp/cakephp-codesniffer/zipball/6e6df0d1c7d2d2025f5ccf0dcdd8f6b8237ab863",
                "reference": "6e6df0d1c7d2d2025f5ccf0dcdd8f6b8237ab863",
                "shasum": ""
            },
            "require": {
                "squizlabs/php_codesniffer": "2.*"
            },
            "require-dev": {
                "phpunit/phpunit": "4.1.*"
            },
            "type": "library",
            "notification-url": "https://packagist.org/downloads/",
            "license": [
                "MIT"
            ],
            "authors": [
                {
                    "name": "CakePHP Community",
                    "homepage": "https://github.com/cakephp/cakephp-codesniffer/graphs/contributors"
                }
            ],
            "description": "CakePHP CodeSniffer Standards",
            "homepage": "http://cakephp.org",
            "keywords": [
                "codesniffer",
                "framework"
            ],
            "time": "2015-02-11 02:38:40"
        },
        {
            "name": "d11wtq/boris",
            "version": "v1.0.8",
            "source": {
                "type": "git",
                "url": "https://github.com/d11wtq/boris.git",
                "reference": "125dd4e5752639af7678a22ea597115646d89c6e"
            },
            "dist": {
                "type": "zip",
                "url": "https://api.github.com/repos/d11wtq/boris/zipball/125dd4e5752639af7678a22ea597115646d89c6e",
                "reference": "125dd4e5752639af7678a22ea597115646d89c6e",
                "shasum": ""
            },
            "require": {
                "php": ">=5.3.0"
            },
            "suggest": {
                "ext-pcntl": "*",
                "ext-posix": "*",
                "ext-readline": "*"
            },
            "bin": [
                "bin/boris"
            ],
            "type": "library",
            "autoload": {
                "psr-0": {
                    "Boris": "lib"
                }
            },
            "notification-url": "https://packagist.org/downloads/",
            "time": "2014-01-17 12:21:18"
        },
        {
            "name": "guzzle/guzzle",
            "version": "v3.9.2",
            "source": {
                "type": "git",
                "url": "https://github.com/guzzle/guzzle3.git",
                "reference": "54991459675c1a2924122afbb0e5609ade581155"
            },
            "dist": {
                "type": "zip",
                "url": "https://api.github.com/repos/guzzle/guzzle3/zipball/54991459675c1a2924122afbb0e5609ade581155",
                "reference": "54991459675c1a2924122afbb0e5609ade581155",
                "shasum": ""
            },
            "require": {
                "ext-curl": "*",
                "php": ">=5.3.3",
                "symfony/event-dispatcher": "~2.1"
            },
            "replace": {
                "guzzle/batch": "self.version",
                "guzzle/cache": "self.version",
                "guzzle/common": "self.version",
                "guzzle/http": "self.version",
                "guzzle/inflection": "self.version",
                "guzzle/iterator": "self.version",
                "guzzle/log": "self.version",
                "guzzle/parser": "self.version",
                "guzzle/plugin": "self.version",
                "guzzle/plugin-async": "self.version",
                "guzzle/plugin-backoff": "self.version",
                "guzzle/plugin-cache": "self.version",
                "guzzle/plugin-cookie": "self.version",
                "guzzle/plugin-curlauth": "self.version",
                "guzzle/plugin-error-response": "self.version",
                "guzzle/plugin-history": "self.version",
                "guzzle/plugin-log": "self.version",
                "guzzle/plugin-md5": "self.version",
                "guzzle/plugin-mock": "self.version",
                "guzzle/plugin-oauth": "self.version",
                "guzzle/service": "self.version",
                "guzzle/stream": "self.version"
            },
            "require-dev": {
                "doctrine/cache": "~1.3",
                "monolog/monolog": "~1.0",
                "phpunit/phpunit": "3.7.*",
                "psr/log": "~1.0",
                "symfony/class-loader": "~2.1",
                "zendframework/zend-cache": "2.*,<2.3",
                "zendframework/zend-log": "2.*,<2.3"
            },
            "type": "library",
            "extra": {
                "branch-alias": {
                    "dev-master": "3.9-dev"
                }
            },
            "autoload": {
                "psr-0": {
                    "Guzzle": "src/",
                    "Guzzle\\Tests": "tests/"
                }
            },
            "notification-url": "https://packagist.org/downloads/",
            "license": [
                "MIT"
            ],
            "authors": [
                {
                    "name": "Michael Dowling",
                    "email": "mtdowling@gmail.com",
                    "homepage": "https://github.com/mtdowling"
                },
                {
                    "name": "Guzzle Community",
                    "homepage": "https://github.com/guzzle/guzzle/contributors"
                }
            ],
            "description": "Guzzle is a PHP HTTP client library and framework for building RESTful web service clients",
            "homepage": "http://guzzlephp.org/",
            "keywords": [
                "client",
                "curl",
                "framework",
                "http",
                "http client",
                "rest",
                "web service"
            ],
            "time": "2014-08-11 04:32:36"
        },
        {
            "name": "satooshi/php-coveralls",
            "version": "dev-master",
            "source": {
                "type": "git",
                "url": "https://github.com/satooshi/php-coveralls.git",
                "reference": "2fbf803803d179ab1082807308a67bbd5a760c70"
            },
            "dist": {
                "type": "zip",
                "url": "https://api.github.com/repos/satooshi/php-coveralls/zipball/2fbf803803d179ab1082807308a67bbd5a760c70",
                "reference": "2fbf803803d179ab1082807308a67bbd5a760c70",
                "shasum": ""
            },
            "require": {
                "ext-json": "*",
                "ext-simplexml": "*",
                "guzzle/guzzle": ">=2.7",
                "php": ">=5.3",
                "psr/log": "1.0.0",
                "symfony/config": ">=2.0",
                "symfony/console": ">=2.0",
                "symfony/stopwatch": ">=2.2",
                "symfony/yaml": ">=2.0"
            },
            "require-dev": {
                "apigen/apigen": "2.8.*@stable",
                "pdepend/pdepend": "dev-master as 2.0.0",
                "phpmd/phpmd": "dev-master",
                "phpunit/php-invoker": ">=1.1.0,<1.2.0",
                "phpunit/phpunit": "3.7.*@stable",
                "sebastian/finder-facade": "dev-master",
                "sebastian/phpcpd": "1.4.*@stable",
                "squizlabs/php_codesniffer": "1.4.*@stable",
                "theseer/fdomdocument": "dev-master"
            },
            "suggest": {
                "symfony/http-kernel": "Allows Symfony integration"
            },
            "bin": [
                "composer/bin/coveralls"
            ],
            "type": "library",
            "extra": {
                "branch-alias": {
                    "dev-master": "0.7-dev"
                }
            },
            "autoload": {
                "psr-0": {
                    "Satooshi\\Component": "src/",
                    "Satooshi\\Bundle": "src/"
                }
            },
            "notification-url": "https://packagist.org/downloads/",
            "license": [
                "MIT"
            ],
            "authors": [
                {
                    "name": "Kitamura Satoshi",
                    "email": "with.no.parachute@gmail.com",
                    "homepage": "https://www.facebook.com/satooshi.jp"
                }
            ],
            "description": "PHP client library for Coveralls API",
            "homepage": "https://github.com/satooshi/php-coveralls",
            "keywords": [
                "ci",
                "coverage",
                "github",
                "test"
            ],
            "time": "2014-11-11 15:35:34"
        },
        {
            "name": "squizlabs/php_codesniffer",
            "version": "2.2.0",
            "source": {
                "type": "git",
                "url": "https://github.com/squizlabs/PHP_CodeSniffer.git",
                "reference": "b301c98f19414d836fdaa678648745fcca5aeb4f"
            },
            "dist": {
                "type": "zip",
                "url": "https://api.github.com/repos/squizlabs/PHP_CodeSniffer/zipball/b301c98f19414d836fdaa678648745fcca5aeb4f",
                "reference": "b301c98f19414d836fdaa678648745fcca5aeb4f",
                "shasum": ""
            },
            "require": {
                "ext-tokenizer": "*",
                "php": ">=5.1.2"
            },
            "bin": [
                "scripts/phpcs",
                "scripts/phpcbf"
            ],
            "type": "library",
            "autoload": {
                "classmap": [
                    "CodeSniffer.php",
                    "CodeSniffer/CLI.php",
                    "CodeSniffer/Exception.php",
                    "CodeSniffer/File.php",
                    "CodeSniffer/Fixer.php",
                    "CodeSniffer/Report.php",
                    "CodeSniffer/Reporting.php",
                    "CodeSniffer/Sniff.php",
                    "CodeSniffer/Tokens.php",
                    "CodeSniffer/Reports/",
                    "CodeSniffer/Tokenizers/",
                    "CodeSniffer/DocGenerators/",
                    "CodeSniffer/Standards/AbstractPatternSniff.php",
                    "CodeSniffer/Standards/AbstractScopeSniff.php",
                    "CodeSniffer/Standards/AbstractVariableSniff.php",
                    "CodeSniffer/Standards/IncorrectPatternException.php",
                    "CodeSniffer/Standards/Generic/Sniffs/",
                    "CodeSniffer/Standards/MySource/Sniffs/",
                    "CodeSniffer/Standards/PEAR/Sniffs/",
                    "CodeSniffer/Standards/PSR1/Sniffs/",
                    "CodeSniffer/Standards/PSR2/Sniffs/",
                    "CodeSniffer/Standards/Squiz/Sniffs/",
                    "CodeSniffer/Standards/Zend/Sniffs/"
                ]
            },
            "notification-url": "https://packagist.org/downloads/",
            "license": [
                "BSD-3-Clause"
            ],
            "authors": [
                {
                    "name": "Greg Sherwood",
                    "role": "lead"
                }
            ],
            "description": "PHP_CodeSniffer tokenizes PHP, JavaScript and CSS files and detects violations of a defined set of coding standards.",
            "homepage": "http://www.squizlabs.com/php-codesniffer",
            "keywords": [
                "phpcs",
                "standards"
            ],
            "time": "2015-01-21 22:44:05"
        },
        {
            "name": "symfony/event-dispatcher",
            "version": "v2.6.4",
            "target-dir": "Symfony/Component/EventDispatcher",
            "source": {
                "type": "git",
                "url": "https://github.com/symfony/EventDispatcher.git",
                "reference": "f75989f3ab2743a82fe0b03ded2598a2b1546813"
            },
            "dist": {
                "type": "zip",
                "url": "https://api.github.com/repos/symfony/EventDispatcher/zipball/f75989f3ab2743a82fe0b03ded2598a2b1546813",
                "reference": "f75989f3ab2743a82fe0b03ded2598a2b1546813",
                "shasum": ""
            },
            "require": {
                "php": ">=5.3.3"
            },
            "require-dev": {
                "psr/log": "~1.0",
                "symfony/config": "~2.0,>=2.0.5",
                "symfony/dependency-injection": "~2.6",
                "symfony/expression-language": "~2.6",
                "symfony/stopwatch": "~2.3"
            },
            "suggest": {
                "symfony/dependency-injection": "",
                "symfony/http-kernel": ""
            },
            "type": "library",
            "extra": {
                "branch-alias": {
                    "dev-master": "2.6-dev"
                }
            },
            "autoload": {
                "psr-0": {
                    "Symfony\\Component\\EventDispatcher\\": ""
                }
            },
            "notification-url": "https://packagist.org/downloads/",
            "license": [
                "MIT"
            ],
            "authors": [
                {
                    "name": "Symfony Community",
                    "homepage": "http://symfony.com/contributors"
                },
                {
                    "name": "Fabien Potencier",
                    "email": "fabien@symfony.com"
                }
            ],
            "description": "Symfony EventDispatcher Component",
            "homepage": "http://symfony.com",
            "time": "2015-02-01 16:10:57"
        },
        {
            "name": "symfony/stopwatch",
            "version": "v2.6.4",
            "target-dir": "Symfony/Component/Stopwatch",
            "source": {
                "type": "git",
                "url": "https://github.com/symfony/Stopwatch.git",
                "reference": "e8da5286132ba75ce4b4275fbf0f4cd369bfd71c"
            },
            "dist": {
                "type": "zip",
                "url": "https://api.github.com/repos/symfony/Stopwatch/zipball/e8da5286132ba75ce4b4275fbf0f4cd369bfd71c",
                "reference": "e8da5286132ba75ce4b4275fbf0f4cd369bfd71c",
                "shasum": ""
            },
            "require": {
                "php": ">=5.3.3"
            },
            "type": "library",
            "extra": {
                "branch-alias": {
                    "dev-master": "2.6-dev"
                }
            },
            "autoload": {
                "psr-0": {
                    "Symfony\\Component\\Stopwatch\\": ""
                }
            },
            "notification-url": "https://packagist.org/downloads/",
            "license": [
                "MIT"
            ],
            "authors": [
                {
                    "name": "Symfony Community",
                    "homepage": "http://symfony.com/contributors"
                },
                {
                    "name": "Fabien Potencier",
                    "email": "fabien@symfony.com"
                }
            ],
            "description": "Symfony Stopwatch Component",
            "homepage": "http://symfony.com",
            "time": "2015-01-03 08:01:59"
        }
    ],
    "aliases": [],
    "minimum-stability": "dev",
    "stability-flags": {
        "cakephp/cakephp": 20,
        "cakephp/debug_kit": 20,
        "cakephp/migrations": 20,
        "friendsofcake/crud": 20,
        "cakephp/cakephp-codesniffer": 20,
        "cakephp/bake": 20,
        "satooshi/php-coveralls": 20
    },
    "prefer-stable": true,
    "prefer-lowest": false,
    "platform": {
        "php": ">=5.4.16"
    },
    "platform-dev": []
}
